
Microsoft Visual Studio Solution File, Format Version 12.00
# Visual Studio Version 17
VisualStudioVersion = 17.5.002.0
MinimumVisualStudioVersion = 10.0.40219.1
Project("{9A19103F-16F7-4668-BE54-9A1E7A4F7556}") = "ImprovedStamina", "ImprovedStamina.csproj", "{A8E25E8D-9891-4120-8A4E-76412F366630}"
EndProject
Global
	GlobalSection(SolutionConfigurationPlatforms) = preSolution
		Debug|Any CPU = Debug|Any CPU
		Release|Any CPU = Release|Any CPU
	EndGlobalSection
	GlobalSection(ProjectConfigurationPlatforms) = postSolution
		{A8E25E8D-9891-4120-8A4E-76412F366630}.Debug|Any CPU.ActiveCfg = Debug|Any CPU
		{A8E25E8D-9891-4120-8A4E-76412F366630}.Debug|Any CPU.Build.0 = Debug|Any CPU
		{A8E25E8D-9891-4120-8A4E-76412F366630}.Release|Any CPU.ActiveCfg = Release|Any CPU
		{A8E25E8D-9891-4120-8A4E-76412F366630}.Release|Any CPU.Build.0 = Release|Any CPU
	EndGlobalSection
	GlobalSection(SolutionProperties) = preSolution
		HideSolutionNode = FALSE
	EndGlobalSection
	GlobalSection(ExtensibilityGlobals) = postSolution
		SolutionGuid = {D8D1DA03-6223-41F4-A729-4EADE6F2E0C8}
	EndGlobalSection
EndGlobal
